
Microsoft Visual Studio Solution File, Format Version 12.00
# Visual Studio 2012
Project("{FAE04EC0-301F-11D3-BF4B-00C04F79EFBC}") = "DoubleBuffer", "DoubleBuffer\DoubleBuffer.csproj", "{CA480AF0-938C-4E7A-8B4E-EF1007036C2B}"
EndProject
Project("{FAE04EC0-301F-11D3-BF4B-00C04F79EFBC}") = "DoubleBuffer.UnitTests", "DoubleBuffer.UnitTests\DoubleBuffer.UnitTests.csproj", "{72C5CBB8-EEA4-4AE7-AE3E-83E65F5D0346}"
EndProject
Global
	GlobalSection(SolutionConfigurationPlatforms) = preSolution
		Debug|Any CPU = Debug|Any CPU
		Release|Any CPU = Release|Any CPU
	EndGlobalSection
	GlobalSection(ProjectConfigurationPlatforms) = postSolution
		{CA480AF0-938C-4E7A-8B4E-EF1007036C2B}.Debug|Any CPU.ActiveCfg = Debug|Any CPU
		{CA480AF0-938C-4E7A-8B4E-EF1007036C2B}.Debug|Any CPU.Build.0 = Debug|Any CPU
		{CA480AF0-938C-4E7A-8B4E-EF1007036C2B}.Release|Any CPU.ActiveCfg = Release|Any CPU
		{CA480AF0-938C-4E7A-8B4E-EF1007036C2B}.Release|Any CPU.Build.0 = Release|Any CPU
		{72C5CBB8-EEA4-4AE7-AE3E-83E65F5D0346}.Debug|Any CPU.ActiveCfg = Debug|Any CPU
		{72C5CBB8-EEA4-4AE7-AE3E-83E65F5D0346}.Debug|Any CPU.Build.0 = Debug|Any CPU
		{72C5CBB8-EEA4-4AE7-AE3E-83E65F5D0346}.Release|Any CPU.ActiveCfg = Release|Any CPU
		{72C5CBB8-EEA4-4AE7-AE3E-83E65F5D0346}.Release|Any CPU.Build.0 = Release|Any CPU
	EndGlobalSection
	GlobalSection(SolutionProperties) = preSolution
		HideSolutionNode = FALSE
	EndGlobalSection
EndGlobal
